
Microsoft Visual Studio Solution File, Format Version 12.00
# Visual Studio Version 16
VisualStudioVersion = 16.0.31702.278
MinimumVisualStudioVersion = 10.0.40219.1
Project("{FAE04EC0-301F-11D3-BF4B-00C04F79EFBC}") = "SMMR", "SMMR\SMMR.csproj", "{D1E40AEC-8951-445D-AA38-66CD1F22C094}"
EndProject
Global
	GlobalSection(SolutionConfigurationPlatforms) = preSolution
		Debug|Any CPU = Debug|Any CPU
		Release|Any CPU = Release|Any CPU
	EndGlobalSection
	GlobalSection(ProjectConfigurationPlatforms) = postSolution
		{D1E40AEC-8951-445D-AA38-66CD1F22C094}.Debug|Any CPU.ActiveCfg = Debug|Any CPU
		{D1E40AEC-8951-445D-AA38-66CD1F22C094}.Debug|Any CPU.Build.0 = Debug|Any CPU
		{D1E40AEC-8951-445D-AA38-66CD1F22C094}.Release|Any CPU.ActiveCfg = Release|Any CPU
		{D1E40AEC-8951-445D-AA38-66CD1F22C094}.Release|Any CPU.Build.0 = Release|Any CPU
	EndGlobalSection
	GlobalSection(SolutionProperties) = preSolution
		HideSolutionNode = FALSE
	EndGlobalSection
	GlobalSection(ExtensibilityGlobals) = postSolution
		SolutionGuid = {5C532A1E-5FB4-40DD-A0C3-EB5D7D946C5E}
	EndGlobalSection
EndGlobal
